
Microsoft Visual Studio Solution File, Format Version 12.00
Project("{FAE04EC0-301F-11D3-BF4B-00C04F79EFBC}") = "ShellTabBug", "ShellTabBug\ShellTabBug.csproj", "{E052B332-C630-4FD0-838B-24BE5C0DD9B8}"
EndProject
Global
	GlobalSection(SolutionConfigurationPlatforms) = preSolution
		Debug|Any CPU = Debug|Any CPU
		Release|Any CPU = Release|Any CPU
	EndGlobalSection
	GlobalSection(ProjectConfigurationPlatforms) = postSolution
		{E052B332-C630-4FD0-838B-24BE5C0DD9B8}.Debug|Any CPU.ActiveCfg = Debug|Any CPU
		{E052B332-C630-4FD0-838B-24BE5C0DD9B8}.Debug|Any CPU.Build.0 = Debug|Any CPU
		{E052B332-C630-4FD0-838B-24BE5C0DD9B8}.Release|Any CPU.ActiveCfg = Release|Any CPU
		{E052B332-C630-4FD0-838B-24BE5C0DD9B8}.Release|Any CPU.Build.0 = Release|Any CPU
	EndGlobalSection
EndGlobal
